
Microsoft Visual Studio Solution File, Format Version 12.00
# Visual Studio Version 17
VisualStudioVersion = 17.10.35027.167
MinimumVisualStudioVersion = 10.0.40219.1
Project("{9A19103F-16F7-4668-BE54-9A1E7A4F7556}") = "BookSystem", "BookSystemLibrary\BookSystem.csproj", "{B090E5FA-91B5-4E1A-AD10-A4FE9242B414}"
EndProject
Project("{9A19103F-16F7-4668-BE54-9A1E7A4F7556}") = "BooksUnitTestEx1", "..\BooksUnitTestEx1\BooksUnitTestEx1\BooksUnitTestEx1.csproj", "{301EDAAD-B1A7-45C8-BC6B-345A7B775860}"
EndProject
Global
	GlobalSection(SolutionConfigurationPlatforms) = preSolution
		Debug|Any CPU = Debug|Any CPU
		Release|Any CPU = Release|Any CPU
	EndGlobalSection
	GlobalSection(ProjectConfigurationPlatforms) = postSolution
		{B090E5FA-91B5-4E1A-AD10-A4FE9242B414}.Debug|Any CPU.ActiveCfg = Debug|Any CPU
		{B090E5FA-91B5-4E1A-AD10-A4FE9242B414}.Debug|Any CPU.Build.0 = Debug|Any CPU
		{B090E5FA-91B5-4E1A-AD10-A4FE9242B414}.Release|Any CPU.ActiveCfg = Release|Any CPU
		{B090E5FA-91B5-4E1A-AD10-A4FE9242B414}.Release|Any CPU.Build.0 = Release|Any CPU
		{301EDAAD-B1A7-45C8-BC6B-345A7B775860}.Debug|Any CPU.ActiveCfg = Debug|Any CPU
		{301EDAAD-B1A7-45C8-BC6B-345A7B775860}.Debug|Any CPU.Build.0 = Debug|Any CPU
		{301EDAAD-B1A7-45C8-BC6B-345A7B775860}.Release|Any CPU.ActiveCfg = Release|Any CPU
		{301EDAAD-B1A7-45C8-BC6B-345A7B775860}.Release|Any CPU.Build.0 = Release|Any CPU
	EndGlobalSection
	GlobalSection(SolutionProperties) = preSolution
		HideSolutionNode = FALSE
	EndGlobalSection
	GlobalSection(ExtensibilityGlobals) = postSolution
		SolutionGuid = {8E4368CA-2CB8-4638-B085-23B1ECF3496D}
	EndGlobalSection
EndGlobal
